// !$*UTF8*$!
{
	archiveVersion = 1;
	classes = {
	};
	objectVersion = 46;
	objects = {

/* Begin PBXBuildFile section */
		1060BD23477186DDBAE213D4 /* Pods_MatrixApp.framework in Frameworks */ = {isa = PBXBuildFile; fileRef = 372684EDE6891510EA848F7B /* Pods_MatrixApp.framework */; };
		11481FDEDFB6E828F6D1823E /* Pods_MatrixAppUITests.framework in Frameworks */ = {isa = PBXBuildFile; fileRef = 54DC7CED376B6C6843F74AE8 /* Pods_MatrixAppUITests.framework */; };
		8901DF291E377F240004AD44 /* FlippedTableViewCell.swift in Sources */ = {isa = PBXBuildFile; fileRef = 8901DF281E377F240004AD44 /* FlippedTableViewCell.swift */; };
		8901DF2B1E37800B0004AD44 /* FlippedTableView.swift in Sources */ = {isa = PBXBuildFile; fileRef = 8901DF2A1E37800B0004AD44 /* FlippedTableView.swift */; };
		892423271E2CFFE200B20E64 /* BorderedButton.swift in Sources */ = {isa = PBXBuildFile; fileRef = 892423261E2CFFE200B20E64 /* BorderedButton.swift */; };
		892423291E2E7D7800B20E64 /* LoginViewController.swift in Sources */ = {isa = PBXBuildFile; fileRef = 892423281E2E7D7800B20E64 /* LoginViewController.swift */; };
		8924232B1E2E7D7F00B20E64 /* RegisterViewController.swift in Sources */ = {isa = PBXBuildFile; fileRef = 8924232A1E2E7D7F00B20E64 /* RegisterViewController.swift */; };
		8924232D1E2E7D9D00B20E64 /* TourViewController.swift in Sources */ = {isa = PBXBuildFile; fileRef = 8924232C1E2E7D9D00B20E64 /* TourViewController.swift */; };
		892423321E2FC63800B20E64 /* RoomsViewController.swift in Sources */ = {isa = PBXBuildFile; fileRef = 892423311E2FC63800B20E64 /* RoomsViewController.swift */; };
		892423351E2FCAD500B20E64 /* UINavigationBar+Matrix.swift in Sources */ = {isa = PBXBuildFile; fileRef = 892423341E2FCAD500B20E64 /* UINavigationBar+Matrix.swift */; };
		8924233B1E31143D00B20E64 /* RoomTableViewCell.swift in Sources */ = {isa = PBXBuildFile; fileRef = 8924233A1E31143D00B20E64 /* RoomTableViewCell.swift */; };
		8924233F1E311A6400B20E64 /* UIImageView+Matrix.swift in Sources */ = {isa = PBXBuildFile; fileRef = 8924233E1E311A6400B20E64 /* UIImageView+Matrix.swift */; };
		892423421E317C2400B20E64 /* MatrixRoom.swift in Sources */ = {isa = PBXBuildFile; fileRef = 892423411E317C2400B20E64 /* MatrixRoom.swift */; };
		892423441E325E8100B20E64 /* NSDate+Matrix.swift in Sources */ = {isa = PBXBuildFile; fileRef = 892423431E325E8100B20E64 /* NSDate+Matrix.swift */; };
		892423471E3283CE00B20E64 /* MatrixEvent.swift in Sources */ = {isa = PBXBuildFile; fileRef = 892423461E3283CE00B20E64 /* MatrixEvent.swift */; };
		892423491E3283D900B20E64 /* MatrixEventFormatter.swift in Sources */ = {isa = PBXBuildFile; fileRef = 892423481E3283D900B20E64 /* MatrixEventFormatter.swift */; };
		8924234C1E32C5BC00B20E64 /* Localizable.strings in Resources */ = {isa = PBXBuildFile; fileRef = 8924234E1E32C5BC00B20E64 /* Localizable.strings */; };
		892423541E32C77800B20E64 /* String+Matrix.swift in Sources */ = {isa = PBXBuildFile; fileRef = 892423531E32C77800B20E64 /* String+Matrix.swift */; };
		894C775D1E27EE9C008D5C86 /* AppDelegate.swift in Sources */ = {isa = PBXBuildFile; fileRef = 894C775C1E27EE9C008D5C86 /* AppDelegate.swift */; };
		894C77601E27EE9C008D5C86 /* MatrixApp.xcdatamodeld in Sources */ = {isa = PBXBuildFile; fileRef = 894C775E1E27EE9C008D5C86 /* MatrixApp.xcdatamodeld */; };
		894C77671E27EE9D008D5C86 /* Main.storyboard in Resources */ = {isa = PBXBuildFile; fileRef = 894C77651E27EE9D008D5C86 /* Main.storyboard */; };
		894C77691E27EE9D008D5C86 /* Assets.xcassets in Resources */ = {isa = PBXBuildFile; fileRef = 894C77681E27EE9D008D5C86 /* Assets.xcassets */; };
		894C776C1E27EE9D008D5C86 /* LaunchScreen.storyboard in Resources */ = {isa = PBXBuildFile; fileRef = 894C776A1E27EE9D008D5C86 /* LaunchScreen.storyboard */; };
		894C77771E27EE9D008D5C86 /* MatrixAppTests.swift in Sources */ = {isa = PBXBuildFile; fileRef = 894C77761E27EE9D008D5C86 /* MatrixAppTests.swift */; };
		894C77821E27EE9D008D5C86 /* MatrixAppUITests.swift in Sources */ = {isa = PBXBuildFile; fileRef = 894C77811E27EE9D008D5C86 /* MatrixAppUITests.swift */; };
		894C77931E27FB84008D5C86 /* GradientView.swift in Sources */ = {isa = PBXBuildFile; fileRef = 894C77921E27FB84008D5C86 /* GradientView.swift */; };
		894C77961E28021C008D5C86 /* AuthViewController.swift in Sources */ = {isa = PBXBuildFile; fileRef = 894C77951E28021C008D5C86 /* AuthViewController.swift */; };
		896EBF8D1E34E4D500736117 /* RoomViewController.swift in Sources */ = {isa = PBXBuildFile; fileRef = 896EBF8C1E34E4D500736117 /* RoomViewController.swift */; };
		896EBF8F1E34E95C00736117 /* SettingsViewController.swift in Sources */ = {isa = PBXBuildFile; fileRef = 896EBF8E1E34E95C00736117 /* SettingsViewController.swift */; };
		896EBF911E352D5400736117 /* MessageTableViewCell.swift in Sources */ = {isa = PBXBuildFile; fileRef = 896EBF901E352D5400736117 /* MessageTableViewCell.swift */; };
		896EBF931E35458200736117 /* FirstMessageTableViewCell.swift in Sources */ = {isa = PBXBuildFile; fileRef = 896EBF921E35458200736117 /* FirstMessageTableViewCell.swift */; };
		896EBF951E356D3900736117 /* NoticeMessageTableViewCell.swift in Sources */ = {isa = PBXBuildFile; fileRef = 896EBF941E356D3900736117 /* NoticeMessageTableViewCell.swift */; };
		89EDB1B71E284B2500AB7516 /* BottomBorderTextField.swift in Sources */ = {isa = PBXBuildFile; fileRef = 89EDB1B61E284B2500AB7516 /* BottomBorderTextField.swift */; };
		89EDB1B91E2910A500AB7516 /* MatrixAccount.swift in Sources */ = {isa = PBXBuildFile; fileRef = 89EDB1B81E2910A500AB7516 /* MatrixAccount.swift */; };
		89EDB1C21E2A50FA00AB7516 /* AppConfig.swift in Sources */ = {isa = PBXBuildFile; fileRef = 89EDB1C11E2A50FA00AB7516 /* AppConfig.swift */; };
		89EDB1C51E2A510D00AB7516 /* AppConstants.swift in Sources */ = {isa = PBXBuildFile; fileRef = 89EDB1C41E2A510D00AB7516 /* AppConstants.swift */; };
		89EDB1C81E2A514400AB7516 /* Config.plist in Resources */ = {isa = PBXBuildFile; fileRef = 89EDB1C71E2A514400AB7516 /* Config.plist */; };
		89EDB1CA1E2A645F00AB7516 /* MatrixAccountManager.swift in Sources */ = {isa = PBXBuildFile; fileRef = 89EDB1C91E2A645F00AB7516 /* MatrixAccountManager.swift */; };
		9AFC8536C1EBF26EEE5F359C /* Pods_MatrixAppTests.framework in Frameworks */ = {isa = PBXBuildFile; fileRef = 77A9064B793D83E1EF81963B /* Pods_MatrixAppTests.framework */; };
/* End PBXBuildFile section */

/* Begin PBXContainerItemProxy section */
		894C77731E27EE9D008D5C86 /* PBXContainerItemProxy */ = {
			isa = PBXContainerItemProxy;
			containerPortal = 894C77511E27EE9C008D5C86 /* Project object */;
			proxyType = 1;
			remoteGlobalIDString = 894C77581E27EE9C008D5C86;
			remoteInfo = MatrixApp;
		};
		894C777E1E27EE9D008D5C86 /* PBXContainerItemProxy */ = {
			isa = PBXContainerItemProxy;
			containerPortal = 894C77511E27EE9C008D5C86 /* Project object */;
			proxyType = 1;
			remoteGlobalIDString = 894C77581E27EE9C008D5C86;
			remoteInfo = MatrixApp;
		};
/* End PBXContainerItemProxy section */

/* Begin PBXFileReference section */
		372684EDE6891510EA848F7B /* Pods_MatrixApp.framework */ = {isa = PBXFileReference; explicitFileType = wrapper.framework; includeInIndex = 0; path = Pods_MatrixApp.framework; sourceTree = BUILT_PRODUCTS_DIR; };
		54DC7CED376B6C6843F74AE8 /* Pods_MatrixAppUITests.framework */ = {isa = PBXFileReference; explicitFileType = wrapper.framework; includeInIndex = 0; path = Pods_MatrixAppUITests.framework; sourceTree = BUILT_PRODUCTS_DIR; };
		632BD6E8114E1DFFD3986BE7 /* Pods-MatrixAppTests.release.xcconfig */ = {isa = PBXFileReference; includeInIndex = 1; lastKnownFileType = text.xcconfig; name = "Pods-MatrixAppTests.release.xcconfig"; path = "Pods/Target Support Files/Pods-MatrixAppTests/Pods-MatrixAppTests.release.xcconfig"; sourceTree = "<group>"; };
		77A9064B793D83E1EF81963B /* Pods_MatrixAppTests.framework */ = {isa = PBXFileReference; explicitFileType = wrapper.framework; includeInIndex = 0; path = Pods_MatrixAppTests.framework; sourceTree = BUILT_PRODUCTS_DIR; };
		7D7CF1A1B51E0D5AE3904D18 /* Pods-MatrixApp.release.xcconfig */ = {isa = PBXFileReference; includeInIndex = 1; lastKnownFileType = text.xcconfig; name = "Pods-MatrixApp.release.xcconfig"; path = "Pods/Target Support Files/Pods-MatrixApp/Pods-MatrixApp.release.xcconfig"; sourceTree = "<group>"; };
		85A9B0E7A935874E50473EB6 /* Pods-MatrixAppUITests.debug.xcconfig */ = {isa = PBXFileReference; includeInIndex = 1; lastKnownFileType = text.xcconfig; name = "Pods-MatrixAppUITests.debug.xcconfig"; path = "Pods/Target Support Files/Pods-MatrixAppUITests/Pods-MatrixAppUITests.debug.xcconfig"; sourceTree = "<group>"; };
		8901DF281E377F240004AD44 /* FlippedTableViewCell.swift */ = {isa = PBXFileReference; fileEncoding = 4; lastKnownFileType = sourcecode.swift; path = FlippedTableViewCell.swift; sourceTree = "<group>"; };
		8901DF2A1E37800B0004AD44 /* FlippedTableView.swift */ = {isa = PBXFileReference; fileEncoding = 4; lastKnownFileType = sourcecode.swift; path = FlippedTableView.swift; sourceTree = "<group>"; };
		892423261E2CFFE200B20E64 /* BorderedButton.swift */ = {isa = PBXFileReference; fileEncoding = 4; lastKnownFileType = sourcecode.swift; path = BorderedButton.swift; sourceTree = "<group>"; };
		892423281E2E7D7800B20E64 /* LoginViewController.swift */ = {isa = PBXFileReference; fileEncoding = 4; lastKnownFileType = sourcecode.swift; path = LoginViewController.swift; sourceTree = "<group>"; };
		8924232A1E2E7D7F00B20E64 /* RegisterViewController.swift */ = {isa = PBXFileReference; fileEncoding = 4; lastKnownFileType = sourcecode.swift; path = RegisterViewController.swift; sourceTree = "<group>"; };
		8924232C1E2E7D9D00B20E64 /* TourViewController.swift */ = {isa = PBXFileReference; fileEncoding = 4; lastKnownFileType = sourcecode.swift; path = TourViewController.swift; sourceTree = "<group>"; };
		892423311E2FC63800B20E64 /* RoomsViewController.swift */ = {isa = PBXFileReference; fileEncoding = 4; lastKnownFileType = sourcecode.swift; path = RoomsViewController.swift; sourceTree = "<group>"; };
		892423341E2FCAD500B20E64 /* UINavigationBar+Matrix.swift */ = {isa = PBXFileReference; fileEncoding = 4; lastKnownFileType = sourcecode.swift; path = "UINavigationBar+Matrix.swift"; sourceTree = "<group>"; };
		8924233A1E31143D00B20E64 /* RoomTableViewCell.swift */ = {isa = PBXFileReference; fileEncoding = 4; lastKnownFileType = sourcecode.swift; path = RoomTableViewCell.swift; sourceTree = "<group>"; };
		8924233E1E311A6400B20E64 /* UIImageView+Matrix.swift */ = {isa = PBXFileReference; fileEncoding = 4; lastKnownFileType = sourcecode.swift; path = "UIImageView+Matrix.swift"; sourceTree = "<group>"; };
		892423411E317C2400B20E64 /* MatrixRoom.swift */ = {isa = PBXFileReference; fileEncoding = 4; lastKnownFileType = sourcecode.swift; path = MatrixRoom.swift; sourceTree = "<group>"; };
		892423431E325E8100B20E64 /* NSDate+Matrix.swift */ = {isa = PBXFileReference; fileEncoding = 4; lastKnownFileType = sourcecode.swift; path = "NSDate+Matrix.swift"; sourceTree = "<group>"; };
		892423461E3283CE00B20E64 /* MatrixEvent.swift */ = {isa = PBXFileReference; fileEncoding = 4; lastKnownFileType = sourcecode.swift; path = MatrixEvent.swift; sourceTree = "<group>"; };
		892423481E3283D900B20E64 /* MatrixEventFormatter.swift */ = {isa = PBXFileReference; fileEncoding = 4; lastKnownFileType = sourcecode.swift; path = MatrixEventFormatter.swift; sourceTree = "<group>"; };
		8924234D1E32C5BC00B20E64 /* en */ = {isa = PBXFileReference; lastKnownFileType = text.plist.strings; name = en; path = en.lproj/Localizable.strings; sourceTree = "<group>"; };
		892423501E32C64B00B20E64 /* es */ = {isa = PBXFileReference; lastKnownFileType = text.plist.strings; name = es; path = es.lproj/Main.strings; sourceTree = "<group>"; };
		892423511E32C64B00B20E64 /* es */ = {isa = PBXFileReference; lastKnownFileType = text.plist.strings; name = es; path = es.lproj/LaunchScreen.strings; sourceTree = "<group>"; };
		892423521E32C64C00B20E64 /* es */ = {isa = PBXFileReference; lastKnownFileType = text.plist.strings; name = es; path = es.lproj/Localizable.strings; sourceTree = "<group>"; };
		892423531E32C77800B20E64 /* String+Matrix.swift */ = {isa = PBXFileReference; fileEncoding = 4; lastKnownFileType = sourcecode.swift; path = "String+Matrix.swift"; sourceTree = "<group>"; };
		894C77591E27EE9C008D5C86 /* MatrixApp.app */ = {isa = PBXFileReference; explicitFileType = wrapper.application; includeInIndex = 0; path = MatrixApp.app; sourceTree = BUILT_PRODUCTS_DIR; };
		894C775C1E27EE9C008D5C86 /* AppDelegate.swift */ = {isa = PBXFileReference; lastKnownFileType = sourcecode.swift; path = AppDelegate.swift; sourceTree = "<group>"; };
		894C775F1E27EE9C008D5C86 /* MatrixApp.xcdatamodel */ = {isa = PBXFileReference; lastKnownFileType = wrapper.xcdatamodel; path = MatrixApp.xcdatamodel; sourceTree = "<group>"; };
		894C77661E27EE9D008D5C86 /* Base */ = {isa = PBXFileReference; lastKnownFileType = file.storyboard; name = Base; path = Base.lproj/Main.storyboard; sourceTree = "<group>"; };
		894C77681E27EE9D008D5C86 /* Assets.xcassets */ = {isa = PBXFileReference; lastKnownFileType = folder.assetcatalog; path = Assets.xcassets; sourceTree = "<group>"; };
		894C776B1E27EE9D008D5C86 /* Base */ = {isa = PBXFileReference; lastKnownFileType = file.storyboard; name = Base; path = Base.lproj/LaunchScreen.storyboard; sourceTree = "<group>"; };
		894C776D1E27EE9D008D5C86 /* Info.plist */ = {isa = PBXFileReference; lastKnownFileType = text.plist.xml; path = Info.plist; sourceTree = "<group>"; };
		894C77721E27EE9D008D5C86 /* MatrixAppTests.xctest */ = {isa = PBXFileReference; explicitFileType = wrapper.cfbundle; includeInIndex = 0; path = MatrixAppTests.xctest; sourceTree = BUILT_PRODUCTS_DIR; };
		894C77761E27EE9D008D5C86 /* MatrixAppTests.swift */ = {isa = PBXFileReference; lastKnownFileType = sourcecode.swift; path = MatrixAppTests.swift; sourceTree = "<group>"; };
		894C77781E27EE9D008D5C86 /* Info.plist */ = {isa = PBXFileReference; lastKnownFileType = text.plist.xml; path = Info.plist; sourceTree = "<group>"; };
		894C777D1E27EE9D008D5C86 /* MatrixAppUITests.xctest */ = {isa = PBXFileReference; explicitFileType = wrapper.cfbundle; includeInIndex = 0; path = MatrixAppUITests.xctest; sourceTree = BUILT_PRODUCTS_DIR; };
		894C77811E27EE9D008D5C86 /* MatrixAppUITests.swift */ = {isa = PBXFileReference; lastKnownFileType = sourcecode.swift; path = MatrixAppUITests.swift; sourceTree = "<group>"; };
		894C77831E27EE9D008D5C86 /* Info.plist */ = {isa = PBXFileReference; lastKnownFileType = text.plist.xml; path = Info.plist; sourceTree = "<group>"; };
		894C77921E27FB84008D5C86 /* GradientView.swift */ = {isa = PBXFileReference; fileEncoding = 4; lastKnownFileType = sourcecode.swift; path = GradientView.swift; sourceTree = "<group>"; };
		894C77951E28021C008D5C86 /* AuthViewController.swift */ = {isa = PBXFileReference; fileEncoding = 4; lastKnownFileType = sourcecode.swift; path = AuthViewController.swift; sourceTree = "<group>"; };
		896EBF8C1E34E4D500736117 /* RoomViewController.swift */ = {isa = PBXFileReference; fileEncoding = 4; lastKnownFileType = sourcecode.swift; path = RoomViewController.swift; sourceTree = "<group>"; };
		896EBF8E1E34E95C00736117 /* SettingsViewController.swift */ = {isa = PBXFileReference; fileEncoding = 4; lastKnownFileType = sourcecode.swift; path = SettingsViewController.swift; sourceTree = "<group>"; };
		896EBF901E352D5400736117 /* MessageTableViewCell.swift */ = {isa = PBXFileReference; fileEncoding = 4; lastKnownFileType = sourcecode.swift; path = MessageTableViewCell.swift; sourceTree = "<group>"; };
		896EBF921E35458200736117 /* FirstMessageTableViewCell.swift */ = {isa = PBXFileReference; fileEncoding = 4; lastKnownFileType = sourcecode.swift; path = FirstMessageTableViewCell.swift; sourceTree = "<group>"; };
		896EBF941E356D3900736117 /* NoticeMessageTableViewCell.swift */ = {isa = PBXFileReference; fileEncoding = 4; lastKnownFileType = sourcecode.swift; path = NoticeMessageTableViewCell.swift; sourceTree = "<group>"; };
		89EDB1B61E284B2500AB7516 /* BottomBorderTextField.swift */ = {isa = PBXFileReference; fileEncoding = 4; lastKnownFileType = sourcecode.swift; path = BottomBorderTextField.swift; sourceTree = "<group>"; };
		89EDB1B81E2910A500AB7516 /* MatrixAccount.swift */ = {isa = PBXFileReference; fileEncoding = 4; lastKnownFileType = sourcecode.swift; path = MatrixAccount.swift; sourceTree = "<group>"; };
		89EDB1C11E2A50FA00AB7516 /* AppConfig.swift */ = {isa = PBXFileReference; fileEncoding = 4; lastKnownFileType = sourcecode.swift; path = AppConfig.swift; sourceTree = "<group>"; };
		89EDB1C41E2A510D00AB7516 /* AppConstants.swift */ = {isa = PBXFileReference; fileEncoding = 4; lastKnownFileType = sourcecode.swift; path = AppConstants.swift; sourceTree = "<group>"; };
		89EDB1C71E2A514400AB7516 /* Config.plist */ = {isa = PBXFileReference; fileEncoding = 4; lastKnownFileType = text.plist.xml; path = Config.plist; sourceTree = "<group>"; };
		89EDB1C91E2A645F00AB7516 /* MatrixAccountManager.swift */ = {isa = PBXFileReference; fileEncoding = 4; lastKnownFileType = sourcecode.swift; path = MatrixAccountManager.swift; sourceTree = "<group>"; };
		92D1576AC24087E90E59E9A3 /* Pods-MatrixAppUITests.release.xcconfig */ = {isa = PBXFileReference; includeInIndex = 1; lastKnownFileType = text.xcconfig; name = "Pods-MatrixAppUITests.release.xcconfig"; path = "Pods/Target Support Files/Pods-MatrixAppUITests/Pods-MatrixAppUITests.release.xcconfig"; sourceTree = "<group>"; };
		E73B5C11847D716AD6A3F788 /* Pods-MatrixAppTests.debug.xcconfig */ = {isa = PBXFileReference; includeInIndex = 1; lastKnownFileType = text.xcconfig; name = "Pods-MatrixAppTests.debug.xcconfig"; path = "Pods/Target Support Files/Pods-MatrixAppTests/Pods-MatrixAppTests.debug.xcconfig"; sourceTree = "<group>"; };
		F432AA854CF1984E3FEB9B4E /* Pods-MatrixApp.debug.xcconfig */ = {isa = PBXFileReference; includeInIndex = 1; lastKnownFileType = text.xcconfig; name = "Pods-MatrixApp.debug.xcconfig"; path = "Pods/Target Support Files/Pods-MatrixApp/Pods-MatrixApp.debug.xcconfig"; sourceTree = "<group>"; };
/* End PBXFileReference section */

/* Begin PBXFrameworksBuildPhase section */
		894C77561E27EE9C008D5C86 /* Frameworks */ = {
			isa = PBXFrameworksBuildPhase;
			buildActionMask = 2147483647;
			files = (
				1060BD23477186DDBAE213D4 /* Pods_MatrixApp.framework in Frameworks */,
			);
			runOnlyForDeploymentPostprocessing = 0;
		};
		894C776F1E27EE9D008D5C86 /* Frameworks */ = {
			isa = PBXFrameworksBuildPhase;
			buildActionMask = 2147483647;
			files = (
				9AFC8536C1EBF26EEE5F359C /* Pods_MatrixAppTests.framework in Frameworks */,
			);
			runOnlyForDeploymentPostprocessing = 0;
		};
		894C777A1E27EE9D008D5C86 /* Frameworks */ = {
			isa = PBXFrameworksBuildPhase;
			buildActionMask = 2147483647;
			files = (
				11481FDEDFB6E828F6D1823E /* Pods_MatrixAppUITests.framework in Frameworks */,
			);
			runOnlyForDeploymentPostprocessing = 0;
		};
/* End PBXFrameworksBuildPhase section */

/* Begin PBXGroup section */
		10734A8BE88DB92310B08BCD /* Pods */ = {
			isa = PBXGroup;
			children = (
				F432AA854CF1984E3FEB9B4E /* Pods-MatrixApp.debug.xcconfig */,
				7D7CF1A1B51E0D5AE3904D18 /* Pods-MatrixApp.release.xcconfig */,
				E73B5C11847D716AD6A3F788 /* Pods-MatrixAppTests.debug.xcconfig */,
				632BD6E8114E1DFFD3986BE7 /* Pods-MatrixAppTests.release.xcconfig */,
				85A9B0E7A935874E50473EB6 /* Pods-MatrixAppUITests.debug.xcconfig */,
				92D1576AC24087E90E59E9A3 /* Pods-MatrixAppUITests.release.xcconfig */,
			);
			name = Pods;
			sourceTree = "<group>";
		};
		851E447A605160A36D7F0970 /* Frameworks */ = {
			isa = PBXGroup;
			children = (
				372684EDE6891510EA848F7B /* Pods_MatrixApp.framework */,
				77A9064B793D83E1EF81963B /* Pods_MatrixAppTests.framework */,
				54DC7CED376B6C6843F74AE8 /* Pods_MatrixAppUITests.framework */,
			);
			name = Frameworks;
			sourceTree = "<group>";
		};
		892423301E2FC5F900B20E64 /* Rooms */ = {
			isa = PBXGroup;
			children = (
				892423311E2FC63800B20E64 /* RoomsViewController.swift */,
				896EBF8B1E34E4B900736117 /* Room */,
			);
			path = Rooms;
			sourceTree = "<group>";
		};
		892423331E2FCAAE00B20E64 /* Extensions */ = {
			isa = PBXGroup;
			children = (
				892423341E2FCAD500B20E64 /* UINavigationBar+Matrix.swift */,
				8924233E1E311A6400B20E64 /* UIImageView+Matrix.swift */,
				892423431E325E8100B20E64 /* NSDate+Matrix.swift */,
				892423531E32C77800B20E64 /* String+Matrix.swift */,
			);
			path = Extensions;
			sourceTree = "<group>";
		};
		892423361E3023B600B20E64 /* Settings */ = {
			isa = PBXGroup;
			children = (
				896EBF8E1E34E95C00736117 /* SettingsViewController.swift */,
			);
			path = Settings;
			sourceTree = "<group>";
		};
		892423391E31141100B20E64 /* UITableViewCell */ = {
			isa = PBXGroup;
			children = (
				8924233A1E31143D00B20E64 /* RoomTableViewCell.swift */,
				896EBF901E352D5400736117 /* MessageTableViewCell.swift */,
				896EBF921E35458200736117 /* FirstMessageTableViewCell.swift */,
				896EBF941E356D3900736117 /* NoticeMessageTableViewCell.swift */,
				8901DF281E377F240004AD44 /* FlippedTableViewCell.swift */,
			);
			path = UITableViewCell;
			sourceTree = "<group>";
		};
		892423401E317C0900B20E64 /* Room */ = {
			isa = PBXGroup;
			children = (
				892423411E317C2400B20E64 /* MatrixRoom.swift */,
			);
			path = Room;
			sourceTree = "<group>";
		};
		892423451E3283BD00B20E64 /* Event */ = {
			isa = PBXGroup;
			children = (
				892423461E3283CE00B20E64 /* MatrixEvent.swift */,
				892423481E3283D900B20E64 /* MatrixEventFormatter.swift */,
			);
			path = Event;
			sourceTree = "<group>";
		};
		894C77501E27EE9C008D5C86 = {
			isa = PBXGroup;
			children = (
				894C775B1E27EE9C008D5C86 /* MatrixApp */,
				894C77751E27EE9D008D5C86 /* MatrixAppTests */,
				894C77801E27EE9D008D5C86 /* MatrixAppUITests */,
				894C775A1E27EE9C008D5C86 /* Products */,
				10734A8BE88DB92310B08BCD /* Pods */,
				851E447A605160A36D7F0970 /* Frameworks */,
			);
			sourceTree = "<group>";
		};
		894C775A1E27EE9C008D5C86 /* Products */ = {
			isa = PBXGroup;
			children = (
				894C77591E27EE9C008D5C86 /* MatrixApp.app */,
				894C77721E27EE9D008D5C86 /* MatrixAppTests.xctest */,
				894C777D1E27EE9D008D5C86 /* MatrixAppUITests.xctest */,
			);
			name = Products;
			sourceTree = "<group>";
		};
		894C775B1E27EE9C008D5C86 /* MatrixApp */ = {
			isa = PBXGroup;
			children = (
				894C775C1E27EE9C008D5C86 /* AppDelegate.swift */,
				894C77651E27EE9D008D5C86 /* Main.storyboard */,
				894C77681E27EE9D008D5C86 /* Assets.xcassets */,
				894C776A1E27EE9D008D5C86 /* LaunchScreen.storyboard */,
				894C776D1E27EE9D008D5C86 /* Info.plist */,
				894C775E1E27EE9C008D5C86 /* MatrixApp.xcdatamodeld */,
				894C77911E27EF48008D5C86 /* Controllers */,
				89EDB1BC1E2922E400AB7516 /* Models */,
				894C77941E27FB8A008D5C86 /* Classes */,
				892423331E2FCAAE00B20E64 /* Extensions */,
				89EDB1C61E2A512100AB7516 /* Resources */,
			);
			path = MatrixApp;
			sourceTree = "<group>";
		};
		894C77751E27EE9D008D5C86 /* MatrixAppTests */ = {
			isa = PBXGroup;
			children = (
				894C77761E27EE9D008D5C86 /* MatrixAppTests.swift */,
				894C77781E27EE9D008D5C86 /* Info.plist */,
			);
			path = MatrixAppTests;
			sourceTree = "<group>";
		};
		894C77801E27EE9D008D5C86 /* MatrixAppUITests */ = {
			isa = PBXGroup;
			children = (
				894C77811E27EE9D008D5C86 /* MatrixAppUITests.swift */,
				894C77831E27EE9D008D5C86 /* Info.plist */,
			);
			path = MatrixAppUITests;
			sourceTree = "<group>";
		};
		894C77911E27EF48008D5C86 /* Controllers */ = {
			isa = PBXGroup;
			children = (
				892423301E2FC5F900B20E64 /* Rooms */,
				892423361E3023B600B20E64 /* Settings */,
				895DD9731E2BD24100BCF6A2 /* Tour */,
			);
			path = Controllers;
			sourceTree = "<group>";
		};
		894C77941E27FB8A008D5C86 /* Classes */ = {
			isa = PBXGroup;
			children = (
				892423391E31141100B20E64 /* UITableViewCell */,
				894C77921E27FB84008D5C86 /* GradientView.swift */,
				89EDB1B61E284B2500AB7516 /* BottomBorderTextField.swift */,
				892423261E2CFFE200B20E64 /* BorderedButton.swift */,
				8901DF2A1E37800B0004AD44 /* FlippedTableView.swift */,
				89EDB1C31E2A50FD00AB7516 /* App */,
			);
			path = Classes;
			sourceTree = "<group>";
		};
		895DD9731E2BD24100BCF6A2 /* Tour */ = {
			isa = PBXGroup;
			children = (
				894C77951E28021C008D5C86 /* AuthViewController.swift */,
				892423281E2E7D7800B20E64 /* LoginViewController.swift */,
				8924232A1E2E7D7F00B20E64 /* RegisterViewController.swift */,
				8924232C1E2E7D9D00B20E64 /* TourViewController.swift */,
			);
			path = Tour;
			sourceTree = "<group>";
		};
		896EBF8B1E34E4B900736117 /* Room */ = {
			isa = PBXGroup;
			children = (
				896EBF8C1E34E4D500736117 /* RoomViewController.swift */,
			);
			path = Room;
			sourceTree = "<group>";
		};
		89EDB1BA1E2910A900AB7516 /* Account */ = {
			isa = PBXGroup;
			children = (
				89EDB1B81E2910A500AB7516 /* MatrixAccount.swift */,
				89EDB1C91E2A645F00AB7516 /* MatrixAccountManager.swift */,
			);
			path = Account;
			sourceTree = "<group>";
		};
		89EDB1BC1E2922E400AB7516 /* Models */ = {
			isa = PBXGroup;
			children = (
				892423451E3283BD00B20E64 /* Event */,
				892423401E317C0900B20E64 /* Room */,
				89EDB1BA1E2910A900AB7516 /* Account */,
			);
			path = Models;
			sourceTree = "<group>";
		};
		89EDB1C31E2A50FD00AB7516 /* App */ = {
			isa = PBXGroup;
			children = (
				89EDB1C11E2A50FA00AB7516 /* AppConfig.swift */,
				89EDB1C41E2A510D00AB7516 /* AppConstants.swift */,
			);
			path = App;
			sourceTree = "<group>";
		};
		89EDB1C61E2A512100AB7516 /* Resources */ = {
			isa = PBXGroup;
			children = (
				89EDB1C71E2A514400AB7516 /* Config.plist */,
				8924234E1E32C5BC00B20E64 /* Localizable.strings */,
			);
			path = Resources;
			sourceTree = "<group>";
		};
/* End PBXGroup section */

/* Begin PBXNativeTarget section */
		894C77581E27EE9C008D5C86 /* MatrixApp */ = {
			isa = PBXNativeTarget;
			buildConfigurationList = 894C77861E27EE9D008D5C86 /* Build configuration list for PBXNativeTarget "MatrixApp" */;
			buildPhases = (
				78D329788DF5CBB4D7E6661C /* [CP] Check Pods Manifest.lock */,
				894C77551E27EE9C008D5C86 /* Sources */,
				894C77561E27EE9C008D5C86 /* Frameworks */,
				894C77571E27EE9C008D5C86 /* Resources */,
				A0C9428D9DAB24BD966AC506 /* [CP] Embed Pods Frameworks */,
				E3D92565787A40E41520D8EC /* [CP] Copy Pods Resources */,
			);
			buildRules = (
			);
			dependencies = (
			);
			name = MatrixApp;
			productName = MatrixApp;
			productReference = 894C77591E27EE9C008D5C86 /* MatrixApp.app */;
			productType = "com.apple.product-type.application";
		};
		894C77711E27EE9D008D5C86 /* MatrixAppTests */ = {
			isa = PBXNativeTarget;
			buildConfigurationList = 894C77891E27EE9D008D5C86 /* Build configuration list for PBXNativeTarget "MatrixAppTests" */;
			buildPhases = (
				C4B1A341C13035E8C733F3AF /* [CP] Check Pods Manifest.lock */,
				894C776E1E27EE9D008D5C86 /* Sources */,
				894C776F1E27EE9D008D5C86 /* Frameworks */,
				894C77701E27EE9D008D5C86 /* Resources */,
				8EDC689EE31206B62E8153E0 /* [CP] Embed Pods Frameworks */,
				632A372220E83CFA99B68051 /* [CP] Copy Pods Resources */,
			);
			buildRules = (
			);
			dependencies = (
				894C77741E27EE9D008D5C86 /* PBXTargetDependency */,
			);
			name = MatrixAppTests;
			productName = MatrixAppTests;
			productReference = 894C77721E27EE9D008D5C86 /* MatrixAppTests.xctest */;
			productType = "com.apple.product-type.bundle.unit-test";
		};
		894C777C1E27EE9D008D5C86 /* MatrixAppUITests */ = {
			isa = PBXNativeTarget;
			buildConfigurationList = 894C778C1E27EE9D008D5C86 /* Build configuration list for PBXNativeTarget "MatrixAppUITests" */;
			buildPhases = (
				5E500BBB40B360DAC994AE28 /* [CP] Check Pods Manifest.lock */,
				894C77791E27EE9D008D5C86 /* Sources */,
				894C777A1E27EE9D008D5C86 /* Frameworks */,
				894C777B1E27EE9D008D5C86 /* Resources */,
				470692641BB1060633FD5B90 /* [CP] Embed Pods Frameworks */,
				2686D6569AEA218130F1EFF7 /* [CP] Copy Pods Resources */,
			);
			buildRules = (
			);
			dependencies = (
				894C777F1E27EE9D008D5C86 /* PBXTargetDependency */,
			);
			name = MatrixAppUITests;
			productName = MatrixAppUITests;
			productReference = 894C777D1E27EE9D008D5C86 /* MatrixAppUITests.xctest */;
			productType = "com.apple.product-type.bundle.ui-testing";
		};
/* End PBXNativeTarget section */

/* Begin PBXProject section */
		894C77511E27EE9C008D5C86 /* Project object */ = {
			isa = PBXProject;
			attributes = {
				LastSwiftUpdateCheck = 0820;
				LastUpgradeCheck = 0820;
				ORGANIZATIONNAME = "Oliver Lumby";
				TargetAttributes = {
					894C77581E27EE9C008D5C86 = {
						CreatedOnToolsVersion = 8.2.1;
						DevelopmentTeam = 852Z5XQF7Y;
						ProvisioningStyle = Automatic;
					};
					894C77711E27EE9D008D5C86 = {
						CreatedOnToolsVersion = 8.2.1;
						DevelopmentTeam = P783QGVTJP;
						ProvisioningStyle = Automatic;
						TestTargetID = 894C77581E27EE9C008D5C86;
					};
					894C777C1E27EE9D008D5C86 = {
						CreatedOnToolsVersion = 8.2.1;
						DevelopmentTeam = P783QGVTJP;
						ProvisioningStyle = Automatic;
						TestTargetID = 894C77581E27EE9C008D5C86;
					};
				};
			};
			buildConfigurationList = 894C77541E27EE9C008D5C86 /* Build configuration list for PBXProject "MatrixApp" */;
			compatibilityVersion = "Xcode 3.2";
			developmentRegion = English;
			hasScannedForEncodings = 0;
			knownRegions = (
				en,
				Base,
				es,
			);
			mainGroup = 894C77501E27EE9C008D5C86;
			productRefGroup = 894C775A1E27EE9C008D5C86 /* Products */;
			projectDirPath = "";
			projectRoot = "";
			targets = (
				894C77581E27EE9C008D5C86 /* MatrixApp */,
				894C77711E27EE9D008D5C86 /* MatrixAppTests */,
				894C777C1E27EE9D008D5C86 /* MatrixAppUITests */,
			);
		};
/* End PBXProject section */

/* Begin PBXResourcesBuildPhase section */
		894C77571E27EE9C008D5C86 /* Resources */ = {
			isa = PBXResourcesBuildPhase;
			buildActionMask = 2147483647;
			files = (
				8924234C1E32C5BC00B20E64 /* Localizable.strings in Resources */,
				89EDB1C81E2A514400AB7516 /* Config.plist in Resources */,
				894C776C1E27EE9D008D5C86 /* LaunchScreen.storyboard in Resources */,
				894C77691E27EE9D008D5C86 /* Assets.xcassets in Resources */,
				894C77671E27EE9D008D5C86 /* Main.storyboard in Resources */,
			);
			runOnlyForDeploymentPostprocessing = 0;
		};
		894C77701E27EE9D008D5C86 /* Resources */ = {
			isa = PBXResourcesBuildPhase;
			buildActionMask = 2147483647;
			files = (
			);
			runOnlyForDeploymentPostprocessing = 0;
		};
		894C777B1E27EE9D008D5C86 /* Resources */ = {
			isa = PBXResourcesBuildPhase;
			buildActionMask = 2147483647;
			files = (
			);
			runOnlyForDeploymentPostprocessing = 0;
		};
/* End PBXResourcesBuildPhase section */

/* Begin PBXShellScriptBuildPhase section */
		2686D6569AEA218130F1EFF7 /* [CP] Copy Pods Resources */ = {
			isa = PBXShellScriptBuildPhase;
			buildActionMask = 2147483647;
			files = (
			);
			inputPaths = (
			);
			name = "[CP] Copy Pods Resources";
			outputPaths = (
			);
			runOnlyForDeploymentPostprocessing = 0;
			shellPath = /bin/sh;
			shellScript = "\"${SRCROOT}/Pods/Target Support Files/Pods-MatrixAppUITests/Pods-MatrixAppUITests-resources.sh\"\n";
			showEnvVarsInLog = 0;
		};
		470692641BB1060633FD5B90 /* [CP] Embed Pods Frameworks */ = {
			isa = PBXShellScriptBuildPhase;
			buildActionMask = 2147483647;
			files = (
			);
			inputPaths = (
			);
			name = "[CP] Embed Pods Frameworks";
			outputPaths = (
			);
			runOnlyForDeploymentPostprocessing = 0;
			shellPath = /bin/sh;
			shellScript = "\"${SRCROOT}/Pods/Target Support Files/Pods-MatrixAppUITests/Pods-MatrixAppUITests-frameworks.sh\"\n";
			showEnvVarsInLog = 0;
		};
		5E500BBB40B360DAC994AE28 /* [CP] Check Pods Manifest.lock */ = {
			isa = PBXShellScriptBuildPhase;
			buildActionMask = 2147483647;
			files = (
			);
			inputPaths = (
			);
			name = "[CP] Check Pods Manifest.lock";
			outputPaths = (
			);
			runOnlyForDeploymentPostprocessing = 0;
			shellPath = /bin/sh;
			shellScript = "diff \"${PODS_ROOT}/../Podfile.lock\" \"${PODS_ROOT}/Manifest.lock\" > /dev/null\nif [ $? != 0 ] ; then\n    # print error to STDERR\n    echo \"error: The sandbox is not in sync with the Podfile.lock. Run 'pod install' or update your CocoaPods installation.\" >&2\n    exit 1\nfi\n";
			showEnvVarsInLog = 0;
		};
		632A372220E83CFA99B68051 /* [CP] Copy Pods Resources */ = {
			isa = PBXShellScriptBuildPhase;
			buildActionMask = 2147483647;
			files = (
			);
			inputPaths = (
			);
			name = "[CP] Copy Pods Resources";
			outputPaths = (
			);
			runOnlyForDeploymentPostprocessing = 0;
			shellPath = /bin/sh;
			shellScript = "\"${SRCROOT}/Pods/Target Support Files/Pods-MatrixAppTests/Pods-MatrixAppTests-resources.sh\"\n";
			showEnvVarsInLog = 0;
		};
		78D329788DF5CBB4D7E6661C /* [CP] Check Pods Manifest.lock */ = {
			isa = PBXShellScriptBuildPhase;
			buildActionMask = 2147483647;
			files = (
			);
			inputPaths = (
			);
			name = "[CP] Check Pods Manifest.lock";
			outputPaths = (
			);
			runOnlyForDeploymentPostprocessing = 0;
			shellPath = /bin/sh;
			shellScript = "diff \"${PODS_ROOT}/../Podfile.lock\" \"${PODS_ROOT}/Manifest.lock\" > /dev/null\nif [ $? != 0 ] ; then\n    # print error to STDERR\n    echo \"error: The sandbox is not in sync with the Podfile.lock. Run 'pod install' or update your CocoaPods installation.\" >&2\n    exit 1\nfi\n";
			showEnvVarsInLog = 0;
		};
		8EDC689EE31206B62E8153E0 /* [CP] Embed Pods Frameworks */ = {
			isa = PBXShellScriptBuildPhase;
			buildActionMask = 2147483647;
			files = (
			);
			inputPaths = (
			);
			name = "[CP] Embed Pods Frameworks";
			outputPaths = (
			);
			runOnlyForDeploymentPostprocessing = 0;
			shellPath = /bin/sh;
			shellScript = "\"${SRCROOT}/Pods/Target Support Files/Pods-MatrixAppTests/Pods-MatrixAppTests-frameworks.sh\"\n";
			showEnvVarsInLog = 0;
		};
		A0C9428D9DAB24BD966AC506 /* [CP] Embed Pods Frameworks */ = {
			isa = PBXShellScriptBuildPhase;
			buildActionMask = 2147483647;
			files = (
			);
			inputPaths = (
			);
			name = "[CP] Embed Pods Frameworks";
			outputPaths = (
			);
			runOnlyForDeploymentPostprocessing = 0;
			shellPath = /bin/sh;
			shellScript = "\"${SRCROOT}/Pods/Target Support Files/Pods-MatrixApp/Pods-MatrixApp-frameworks.sh\"\n";
			showEnvVarsInLog = 0;
		};
		C4B1A341C13035E8C733F3AF /* [CP] Check Pods Manifest.lock */ = {
			isa = PBXShellScriptBuildPhase;
			buildActionMask = 2147483647;
			files = (
			);
			inputPaths = (
			);
			name = "[CP] Check Pods Manifest.lock";
			outputPaths = (
			);
			runOnlyForDeploymentPostprocessing = 0;
			shellPath = /bin/sh;
			shellScript = "diff \"${PODS_ROOT}/../Podfile.lock\" \"${PODS_ROOT}/Manifest.lock\" > /dev/null\nif [ $? != 0 ] ; then\n    # print error to STDERR\n    echo \"error: The sandbox is not in sync with the Podfile.lock. Run 'pod install' or update your CocoaPods installation.\" >&2\n    exit 1\nfi\n";
			showEnvVarsInLog = 0;
		};
		E3D92565787A40E41520D8EC /* [CP] Copy Pods Resources */ = {
			isa = PBXShellScriptBuildPhase;
			buildActionMask = 2147483647;
			files = (
			);
			inputPaths = (
			);
			name = "[CP] Copy Pods Resources";
			outputPaths = (
			);
			runOnlyForDeploymentPostprocessing = 0;
			shellPath = /bin/sh;
			shellScript = "\"${SRCROOT}/Pods/Target Support Files/Pods-MatrixApp/Pods-MatrixApp-resources.sh\"\n";
			showEnvVarsInLog = 0;
		};
/* End PBXShellScriptBuildPhase section */

/* Begin PBXSourcesBuildPhase section */
		894C77551E27EE9C008D5C86 /* Sources */ = {
			isa = PBXSourcesBuildPhase;
			buildActionMask = 2147483647;
			files = (
				89EDB1CA1E2A645F00AB7516 /* MatrixAccountManager.swift in Sources */,
				89EDB1B71E284B2500AB7516 /* BottomBorderTextField.swift in Sources */,
				892423271E2CFFE200B20E64 /* BorderedButton.swift in Sources */,
				89EDB1C51E2A510D00AB7516 /* AppConstants.swift in Sources */,
				89EDB1C21E2A50FA00AB7516 /* AppConfig.swift in Sources */,
				892423421E317C2400B20E64 /* MatrixRoom.swift in Sources */,
				894C77601E27EE9C008D5C86 /* MatrixApp.xcdatamodeld in Sources */,
				892423541E32C77800B20E64 /* String+Matrix.swift in Sources */,
				892423491E3283D900B20E64 /* MatrixEventFormatter.swift in Sources */,
				894C77961E28021C008D5C86 /* AuthViewController.swift in Sources */,
				892423441E325E8100B20E64 /* NSDate+Matrix.swift in Sources */,
				896EBF951E356D3900736117 /* NoticeMessageTableViewCell.swift in Sources */,
				892423321E2FC63800B20E64 /* RoomsViewController.swift in Sources */,
				8924232B1E2E7D7F00B20E64 /* RegisterViewController.swift in Sources */,
				896EBF8D1E34E4D500736117 /* RoomViewController.swift in Sources */,
				8924233F1E311A6400B20E64 /* UIImageView+Matrix.swift in Sources */,
				8901DF291E377F240004AD44 /* FlippedTableViewCell.swift in Sources */,
				892423351E2FCAD500B20E64 /* UINavigationBar+Matrix.swift in Sources */,
				8924232D1E2E7D9D00B20E64 /* TourViewController.swift in Sources */,
				89EDB1B91E2910A500AB7516 /* MatrixAccount.swift in Sources */,
				896EBF931E35458200736117 /* FirstMessageTableViewCell.swift in Sources */,
				896EBF911E352D5400736117 /* MessageTableViewCell.swift in Sources */,
				8901DF2B1E37800B0004AD44 /* FlippedTableView.swift in Sources */,
				894C77931E27FB84008D5C86 /* GradientView.swift in Sources */,
				8924233B1E31143D00B20E64 /* RoomTableViewCell.swift in Sources */,
				892423291E2E7D7800B20E64 /* LoginViewController.swift in Sources */,
				892423471E3283CE00B20E64 /* MatrixEvent.swift in Sources */,
				894C775D1E27EE9C008D5C86 /* AppDelegate.swift in Sources */,
				896EBF8F1E34E95C00736117 /* SettingsViewController.swift in Sources */,
			);
			runOnlyForDeploymentPostprocessing = 0;
		};
		894C776E1E27EE9D008D5C86 /* Sources */ = {
			isa = PBXSourcesBuildPhase;
			buildActionMask = 2147483647;
			files = (
				894C77771E27EE9D008D5C86 /* MatrixAppTests.swift in Sources */,
			);
			runOnlyForDeploymentPostprocessing = 0;
		};
		894C77791E27EE9D008D5C86 /* Sources */ = {
			isa = PBXSourcesBuildPhase;
			buildActionMask = 2147483647;
			files = (
				894C77821E27EE9D008D5C86 /* MatrixAppUITests.swift in Sources */,
			);
			runOnlyForDeploymentPostprocessing = 0;
		};
/* End PBXSourcesBuildPhase section */

/* Begin PBXTargetDependency section */
		894C77741E27EE9D008D5C86 /* PBXTargetDependency */ = {
			isa = PBXTargetDependency;
			target = 894C77581E27EE9C008D5C86 /* MatrixApp */;
			targetProxy = 894C77731E27EE9D008D5C86 /* PBXContainerItemProxy */;
		};
		894C777F1E27EE9D008D5C86 /* PBXTargetDependency */ = {
			isa = PBXTargetDependency;
			target = 894C77581E27EE9C008D5C86 /* MatrixApp */;
			targetProxy = 894C777E1E27EE9D008D5C86 /* PBXContainerItemProxy */;
		};
/* End PBXTargetDependency section */

/* Begin PBXVariantGroup section */
		8924234E1E32C5BC00B20E64 /* Localizable.strings */ = {
			isa = PBXVariantGroup;
			children = (
				8924234D1E32C5BC00B20E64 /* en */,
				892423521E32C64C00B20E64 /* es */,
			);
			name = Localizable.strings;
			sourceTree = "<group>";
		};
		894C77651E27EE9D008D5C86 /* Main.storyboard */ = {
			isa = PBXVariantGroup;
			children = (
				894C77661E27EE9D008D5C86 /* Base */,
				892423501E32C64B00B20E64 /* es */,
			);
			name = Main.storyboard;
			sourceTree = "<group>";
		};
		894C776A1E27EE9D008D5C86 /* LaunchScreen.storyboard */ = {
			isa = PBXVariantGroup;
			children = (
				894C776B1E27EE9D008D5C86 /* Base */,
				892423511E32C64B00B20E64 /* es */,
			);
			name = LaunchScreen.storyboard;
			sourceTree = "<group>";
		};
/* End PBXVariantGroup section */

/* Begin XCBuildConfiguration section */
		894C77841E27EE9D008D5C86 /* Debug */ = {
			isa = XCBuildConfiguration;
			buildSettings = {
				ALWAYS_SEARCH_USER_PATHS = NO;
				CLANG_ANALYZER_LOCALIZABILITY_NONLOCALIZED = YES;
				CLANG_ANALYZER_NONNULL = YES;
				CLANG_CXX_LANGUAGE_STANDARD = "gnu++0x";
				CLANG_CXX_LIBRARY = "libc++";
				CLANG_ENABLE_MODULES = YES;
				CLANG_ENABLE_OBJC_ARC = YES;
				CLANG_WARN_BOOL_CONVERSION = YES;
				CLANG_WARN_CONSTANT_CONVERSION = YES;
				CLANG_WARN_DIRECT_OBJC_ISA_USAGE = YES_ERROR;
				CLANG_WARN_DOCUMENTATION_COMMENTS = YES;
				CLANG_WARN_EMPTY_BODY = YES;
				CLANG_WARN_ENUM_CONVERSION = YES;
				CLANG_WARN_INFINITE_RECURSION = YES;
				CLANG_WARN_INT_CONVERSION = YES;
				CLANG_WARN_OBJC_ROOT_CLASS = YES_ERROR;
				CLANG_WARN_SUSPICIOUS_MOVE = YES;
				CLANG_WARN_UNREACHABLE_CODE = YES;
				CLANG_WARN__DUPLICATE_METHOD_MATCH = YES;
				"CODE_SIGN_IDENTITY[sdk=iphoneos*]" = "iPhone Developer";
				COPY_PHASE_STRIP = NO;
				DEBUG_INFORMATION_FORMAT = dwarf;
				ENABLE_STRICT_OBJC_MSGSEND = YES;
				ENABLE_TESTABILITY = YES;
				GCC_C_LANGUAGE_STANDARD = gnu99;
				GCC_DYNAMIC_NO_PIC = NO;
				GCC_NO_COMMON_BLOCKS = YES;
				GCC_OPTIMIZATION_LEVEL = 0;
				GCC_PREPROCESSOR_DEFINITIONS = (
					"DEBUG=1",
					"$(inherited)",
				);
				GCC_WARN_64_TO_32_BIT_CONVERSION = YES;
				GCC_WARN_ABOUT_RETURN_TYPE = YES_ERROR;
				GCC_WARN_UNDECLARED_SELECTOR = YES;
				GCC_WARN_UNINITIALIZED_AUTOS = YES_AGGRESSIVE;
				GCC_WARN_UNUSED_FUNCTION = YES;
				GCC_WARN_UNUSED_VARIABLE = YES;
				IPHONEOS_DEPLOYMENT_TARGET = 10.2;
				MTL_ENABLE_DEBUG_INFO = YES;
				ONLY_ACTIVE_ARCH = YES;
				SDKROOT = iphoneos;
				SWIFT_ACTIVE_COMPILATION_CONDITIONS = DEBUG;
				SWIFT_OPTIMIZATION_LEVEL = "-Onone";
				TARGETED_DEVICE_FAMILY = "1,2";
			};
			name = Debug;
		};
		894C77851E27EE9D008D5C86 /* Release */ = {
			isa = XCBuildConfiguration;
			buildSettings = {
				ALWAYS_SEARCH_USER_PATHS = NO;
				CLANG_ANALYZER_LOCALIZABILITY_NONLOCALIZED = YES;
				CLANG_ANALYZER_NONNULL = YES;
				CLANG_CXX_LANGUAGE_STANDARD = "gnu++0x";
				CLANG_CXX_LIBRARY = "libc++";
				CLANG_ENABLE_MODULES = YES;
				CLANG_ENABLE_OBJC_ARC = YES;
				CLANG_WARN_BOOL_CONVERSION = YES;
				CLANG_WARN_CONSTANT_CONVERSION = YES;
				CLANG_WARN_DIRECT_OBJC_ISA_USAGE = YES_ERROR;
				CLANG_WARN_DOCUMENTATION_COMMENTS = YES;
				CLANG_WARN_EMPTY_BODY = YES;
				CLANG_WARN_ENUM_CONVERSION = YES;
				CLANG_WARN_INFINITE_RECURSION = YES;
				CLANG_WARN_INT_CONVERSION = YES;
				CLANG_WARN_OBJC_ROOT_CLASS = YES_ERROR;
				CLANG_WARN_SUSPICIOUS_MOVE = YES;
				CLANG_WARN_UNREACHABLE_CODE = YES;
				CLANG_WARN__DUPLICATE_METHOD_MATCH = YES;
				"CODE_SIGN_IDENTITY[sdk=iphoneos*]" = "iPhone Developer";
				COPY_PHASE_STRIP = NO;
				DEBUG_INFORMATION_FORMAT = "dwarf-with-dsym";
				ENABLE_NS_ASSERTIONS = NO;
				ENABLE_STRICT_OBJC_MSGSEND = YES;
				GCC_C_LANGUAGE_STANDARD = gnu99;
				GCC_NO_COMMON_BLOCKS = YES;
				GCC_WARN_64_TO_32_BIT_CONVERSION = YES;
				GCC_WARN_ABOUT_RETURN_TYPE = YES_ERROR;
				GCC_WARN_UNDECLARED_SELECTOR = YES;
				GCC_WARN_UNINITIALIZED_AUTOS = YES_AGGRESSIVE;
				GCC_WARN_UNUSED_FUNCTION = YES;
				GCC_WARN_UNUSED_VARIABLE = YES;
				IPHONEOS_DEPLOYMENT_TARGET = 10.2;
				MTL_ENABLE_DEBUG_INFO = NO;
				SDKROOT = iphoneos;
				SWIFT_OPTIMIZATION_LEVEL = "-Owholemodule";
				TARGETED_DEVICE_FAMILY = "1,2";
				VALIDATE_PRODUCT = YES;
			};
			name = Release;
		};
		894C77871E27EE9D008D5C86 /* Debug */ = {
			isa = XCBuildConfiguration;
			baseConfigurationReference = F432AA854CF1984E3FEB9B4E /* Pods-MatrixApp.debug.xcconfig */;
			buildSettings = {
				ALWAYS_EMBED_SWIFT_STANDARD_LIBRARIES = YES;
				ASSETCATALOG_COMPILER_APPICON_NAME = AppIcon;
				DEVELOPMENT_TEAM = 852Z5XQF7Y;
				INFOPLIST_FILE = MatrixApp/Info.plist;
				LD_RUNPATH_SEARCH_PATHS = "$(inherited) @executable_path/Frameworks";
				PRODUCT_BUNDLE_IDENTIFIER = me.lumby.buckle;
				PRODUCT_NAME = "$(TARGET_NAME)";
				SWIFT_VERSION = 3.0;
			};
			name = Debug;
		};
		894C77881E27EE9D008D5C86 /* Release */ = {
			isa = XCBuildConfiguration;
			baseConfigurationReference = 7D7CF1A1B51E0D5AE3904D18 /* Pods-MatrixApp.release.xcconfig */;
			buildSettings = {
				ALWAYS_EMBED_SWIFT_STANDARD_LIBRARIES = YES;
				ASSETCATALOG_COMPILER_APPICON_NAME = AppIcon;
				DEVELOPMENT_TEAM = 852Z5XQF7Y;
				INFOPLIST_FILE = MatrixApp/Info.plist;
				LD_RUNPATH_SEARCH_PATHS = "$(inherited) @executable_path/Frameworks";
				PRODUCT_BUNDLE_IDENTIFIER = me.lumby.buckle;
				PRODUCT_NAME = "$(TARGET_NAME)";
				SWIFT_VERSION = 3.0;
			};
			name = Release;
		};
		894C778A1E27EE9D008D5C86 /* Debug */ = {
			isa = XCBuildConfiguration;
			baseConfigurationReference = E73B5C11847D716AD6A3F788 /* Pods-MatrixAppTests.debug.xcconfig */;
			buildSettings = {
				BUNDLE_LOADER = "$(TEST_HOST)";
				DEVELOPMENT_TEAM = P783QGVTJP;
				INFOPLIST_FILE = MatrixAppTests/Info.plist;
				LD_RUNPATH_SEARCH_PATHS = "$(inherited) @executable_path/Frameworks @loader_path/Frameworks";
				PRODUCT_BUNDLE_IDENTIFIER = me.lumby.MatrixAppTests;
				PRODUCT_NAME = "$(TARGET_NAME)";
				SWIFT_VERSION = 3.0;
				TEST_HOST = "$(BUILT_PRODUCTS_DIR)/MatrixApp.app/MatrixApp";
			};
			name = Debug;
		};
		894C778B1E27EE9D008D5C86 /* Release */ = {
			isa = XCBuildConfiguration;
			baseConfigurationReference = 632BD6E8114E1DFFD3986BE7 /* Pods-MatrixAppTests.release.xcconfig */;
			buildSettings = {
				BUNDLE_LOADER = "$(TEST_HOST)";
				DEVELOPMENT_TEAM = P783QGVTJP;
				INFOPLIST_FILE = MatrixAppTests/Info.plist;
				LD_RUNPATH_SEARCH_PATHS = "$(inherited) @executable_path/Frameworks @loader_path/Frameworks";
				PRODUCT_BUNDLE_IDENTIFIER = me.lumby.MatrixAppTests;
				PRODUCT_NAME = "$(TARGET_NAME)";
				SWIFT_VERSION = 3.0;
				TEST_HOST = "$(BUILT_PRODUCTS_DIR)/MatrixApp.app/MatrixApp";
			};
			name = Release;
		};
		894C778D1E27EE9D008D5C86 /* Debug */ = {
			isa = XCBuildConfiguration;
			baseConfigurationReference = 85A9B0E7A935874E50473EB6 /* Pods-MatrixAppUITests.debug.xcconfig */;
			buildSettings = {
				DEVELOPMENT_TEAM = P783QGVTJP;
				INFOPLIST_FILE = MatrixAppUITests/Info.plist;
				LD_RUNPATH_SEARCH_PATHS = "$(inherited) @executable_path/Frameworks @loader_path/Frameworks";
				PRODUCT_BUNDLE_IDENTIFIER = me.lumby.MatrixAppUITests;
				PRODUCT_NAME = "$(TARGET_NAME)";
				SWIFT_VERSION = 3.0;
				TEST_TARGET_NAME = MatrixApp;
			};
			name = Debug;
		};
		894C778E1E27EE9D008D5C86 /* Release */ = {
			isa = XCBuildConfiguration;
			baseConfigurationReference = 92D1576AC24087E90E59E9A3 /* Pods-MatrixAppUITests.release.xcconfig */;
			buildSettings = {
				DEVELOPMENT_TEAM = P783QGVTJP;
				INFOPLIST_FILE = MatrixAppUITests/Info.plist;
				LD_RUNPATH_SEARCH_PATHS = "$(inherited) @executable_path/Frameworks @loader_path/Frameworks";
				PRODUCT_BUNDLE_IDENTIFIER = me.lumby.MatrixAppUITests;
				PRODUCT_NAME = "$(TARGET_NAME)";
				SWIFT_VERSION = 3.0;
				TEST_TARGET_NAME = MatrixApp;
			};
			name = Release;
		};
/* End XCBuildConfiguration section */

/* Begin XCConfigurationList section */
		894C77541E27EE9C008D5C86 /* Build configuration list for PBXProject "MatrixApp" */ = {
			isa = XCConfigurationList;
			buildConfigurations = (
				894C77841E27EE9D008D5C86 /* Debug */,
				894C77851E27EE9D008D5C86 /* Release */,
			);
			defaultConfigurationIsVisible = 0;
			defaultConfigurationName = Release;
		};
		894C77861E27EE9D008D5C86 /* Build configuration list for PBXNativeTarget "MatrixApp" */ = {
			isa = XCConfigurationList;
			buildConfigurations = (
				894C77871E27EE9D008D5C86 /* Debug */,
				894C77881E27EE9D008D5C86 /* Release */,
			);
			defaultConfigurationIsVisible = 0;
			defaultConfigurationName = Release;
		};
		894C77891E27EE9D008D5C86 /* Build configuration list for PBXNativeTarget "MatrixAppTests" */ = {
			isa = XCConfigurationList;
			buildConfigurations = (
				894C778A1E27EE9D008D5C86 /* Debug */,
				894C778B1E27EE9D008D5C86 /* Release */,
			);
			defaultConfigurationIsVisible = 0;
			defaultConfigurationName = Release;
		};
		894C778C1E27EE9D008D5C86 /* Build configuration list for PBXNativeTarget "MatrixAppUITests" */ = {
			isa = XCConfigurationList;
			buildConfigurations = (
				894C778D1E27EE9D008D5C86 /* Debug */,
				894C778E1E27EE9D008D5C86 /* Release */,
			);
			defaultConfigurationIsVisible = 0;
			defaultConfigurationName = Release;
		};
/* End XCConfigurationList section */

/* Begin XCVersionGroup section */
		894C775E1E27EE9C008D5C86 /* MatrixApp.xcdatamodeld */ = {
			isa = XCVersionGroup;
			children = (
				894C775F1E27EE9C008D5C86 /* MatrixApp.xcdatamodel */,
			);
			currentVersion = 894C775F1E27EE9C008D5C86 /* MatrixApp.xcdatamodel */;
			path = MatrixApp.xcdatamodeld;
			sourceTree = "<group>";
			versionGroupType = wrapper.xcdatamodel;
		};
/* End XCVersionGroup section */
	};
	rootObject = 894C77511E27EE9C008D5C86 /* Project object */;
}
